
Microsoft Visual Studio Solution File, Format Version 12.00
# Visual Studio 15
VisualStudioVersion = 15.0.28010.2003
MinimumVisualStudioVersion = 10.0.40219.1
Project("{FAE04EC0-301F-11D3-BF4B-00C04F79EFBC}") = "Object_Redactor", "Object_Redactor\Object_Redactor.csproj", "{B13B853E-4973-491E-8DE6-FFD53DD55BD0}"
EndProject
Global
	GlobalSection(SolutionConfigurationPlatforms) = preSolution
		Debug|Any CPU = Debug|Any CPU
		Release|Any CPU = Release|Any CPU
	EndGlobalSection
	GlobalSection(ProjectConfigurationPlatforms) = postSolution
		{B13B853E-4973-491E-8DE6-FFD53DD55BD0}.Debug|Any CPU.ActiveCfg = Debug|Any CPU
		{B13B853E-4973-491E-8DE6-FFD53DD55BD0}.Debug|Any CPU.Build.0 = Debug|Any CPU
		{B13B853E-4973-491E-8DE6-FFD53DD55BD0}.Release|Any CPU.ActiveCfg = Release|Any CPU
		{B13B853E-4973-491E-8DE6-FFD53DD55BD0}.Release|Any CPU.Build.0 = Release|Any CPU
	EndGlobalSection
	GlobalSection(SolutionProperties) = preSolution
		HideSolutionNode = FALSE
	EndGlobalSection
	GlobalSection(ExtensibilityGlobals) = postSolution
		SolutionGuid = {65D7B99B-C8A2-487F-9ABA-E03B29EC8C82}
	EndGlobalSection
EndGlobal
